
Microsoft Visual Studio Solution File, Format Version 12.00
# Visual Studio Version 16
VisualStudioVersion = 16.0.31205.134
MinimumVisualStudioVersion = 10.0.40219.1
Project("{FAE04EC0-301F-11D3-BF4B-00C04F79EFBC}") = "DBMovies", "DBMovies\DBMovies.csproj", "{3C119BE1-3D3E-4707-956A-9FD16E398406}"
EndProject
Project("{2150E333-8FDC-42A3-9474-1A3956D46DE8}") = "Solution Items", "Solution Items", "{F193DA5F-EAC8-4D81-8F48-41ECF00DA191}"
	ProjectSection(SolutionItems) = preProject
		..\..\..\..\Disk Google\UHK\DBS\2\Projekt\DBMovies_Models.eap = ..\..\..\..\Disk Google\UHK\DBS\2\Projekt\DBMovies_Models.eap
		..\..\..\..\Disk Google\UHK\DBS\2\Projekt\SQLdbmovies.sql = ..\..\..\..\Disk Google\UHK\DBS\2\Projekt\SQLdbmovies.sql
	EndProjectSection
EndProject
Global
	GlobalSection(SolutionConfigurationPlatforms) = preSolution
		Debug|Any CPU = Debug|Any CPU
		Release|Any CPU = Release|Any CPU
	EndGlobalSection
	GlobalSection(ProjectConfigurationPlatforms) = postSolution
		{3C119BE1-3D3E-4707-956A-9FD16E398406}.Debug|Any CPU.ActiveCfg = Debug|Any CPU
		{3C119BE1-3D3E-4707-956A-9FD16E398406}.Debug|Any CPU.Build.0 = Debug|Any CPU
		{3C119BE1-3D3E-4707-956A-9FD16E398406}.Release|Any CPU.ActiveCfg = Release|Any CPU
		{3C119BE1-3D3E-4707-956A-9FD16E398406}.Release|Any CPU.Build.0 = Release|Any CPU
	EndGlobalSection
	GlobalSection(SolutionProperties) = preSolution
		HideSolutionNode = FALSE
	EndGlobalSection
	GlobalSection(ExtensibilityGlobals) = postSolution
		SolutionGuid = {BE84EC2E-EC6A-414A-988E-D09B424999A1}
	EndGlobalSection
EndGlobal
